
Microsoft Visual Studio Solution File, Format Version 12.00
# Visual Studio Version 16
VisualStudioVersion = 16.0.29728.190
MinimumVisualStudioVersion = 10.0.40219.1
Project("{FAE04EC0-301F-11D3-BF4B-00C04F79EFBC}") = "HomeDepotWebApp", "HomeDepotWebApp\HomeDepotWebApp.csproj", "{3C84571D-6467-4535-8170-60C4C36146B0}"
EndProject
Project("{FAE04EC0-301F-11D3-BF4B-00C04F79EFBC}") = "HomeDepotDesktopApp", "HomeDepotDesktopApp\HomeDepotDesktopApp.csproj", "{D57A1BEA-AD9C-400A-936B-E2BE341B9840}"
EndProject
Global
	GlobalSection(SolutionConfigurationPlatforms) = preSolution
		Debug|Any CPU = Debug|Any CPU
		Release|Any CPU = Release|Any CPU
	EndGlobalSection
	GlobalSection(ProjectConfigurationPlatforms) = postSolution
		{3C84571D-6467-4535-8170-60C4C36146B0}.Debug|Any CPU.ActiveCfg = Debug|Any CPU
		{3C84571D-6467-4535-8170-60C4C36146B0}.Debug|Any CPU.Build.0 = Debug|Any CPU
		{3C84571D-6467-4535-8170-60C4C36146B0}.Release|Any CPU.ActiveCfg = Release|Any CPU
		{3C84571D-6467-4535-8170-60C4C36146B0}.Release|Any CPU.Build.0 = Release|Any CPU
		{D57A1BEA-AD9C-400A-936B-E2BE341B9840}.Debug|Any CPU.ActiveCfg = Debug|Any CPU
		{D57A1BEA-AD9C-400A-936B-E2BE341B9840}.Debug|Any CPU.Build.0 = Debug|Any CPU
		{D57A1BEA-AD9C-400A-936B-E2BE341B9840}.Release|Any CPU.ActiveCfg = Release|Any CPU
		{D57A1BEA-AD9C-400A-936B-E2BE341B9840}.Release|Any CPU.Build.0 = Release|Any CPU
	EndGlobalSection
	GlobalSection(SolutionProperties) = preSolution
		HideSolutionNode = FALSE
	EndGlobalSection
	GlobalSection(ExtensibilityGlobals) = postSolution
		SolutionGuid = {A3D51F24-938F-4408-A21C-BD8F4257BBA9}
	EndGlobalSection
EndGlobal
